
Microsoft Visual Studio Solution File, Format Version 12.00
# Visual Studio Version 17
VisualStudioVersion = 17.7.34003.232
MinimumVisualStudioVersion = 10.0.40219.1
Project("{FAE04EC0-301F-11D3-BF4B-00C04F79EFBC}") = "Apigateway", "Apigateway\Apigateway.csproj", "{21201790-C1A4-4F4E-9316-33F5D2800E25}"
EndProject
Global
	GlobalSection(SolutionConfigurationPlatforms) = preSolution
		Debug|Any CPU = Debug|Any CPU
		Release|Any CPU = Release|Any CPU
	EndGlobalSection
	GlobalSection(ProjectConfigurationPlatforms) = postSolution
		{21201790-C1A4-4F4E-9316-33F5D2800E25}.Debug|Any CPU.ActiveCfg = Debug|Any CPU
		{21201790-C1A4-4F4E-9316-33F5D2800E25}.Debug|Any CPU.Build.0 = Debug|Any CPU
		{21201790-C1A4-4F4E-9316-33F5D2800E25}.Release|Any CPU.ActiveCfg = Release|Any CPU
		{21201790-C1A4-4F4E-9316-33F5D2800E25}.Release|Any CPU.Build.0 = Release|Any CPU
	EndGlobalSection
	GlobalSection(SolutionProperties) = preSolution
		HideSolutionNode = FALSE
	EndGlobalSection
	GlobalSection(ExtensibilityGlobals) = postSolution
		SolutionGuid = {8EC8E9F2-3192-4D41-8B2A-777DB58A8A9C}
	EndGlobalSection
EndGlobal
